lockfileVersion: '6.0'

settings:
  autoInstallPeers: true
  excludeLinksFromLockfile: false

devDependencies:
  '@simplewebauthn/browser':
    specifier: 7.4.0
    version: 7.4.0
  typescript:
    specifier: 5.4.5
    version: 5.4.5

packages:

  /@simplewebauthn/browser@7.4.0:
    resolution: {integrity: sha512-qqCZ99lFWjtyza8NCtCpRm3GU5u8/QFeBfMgW5+U/E8Qyc4lvUcuJ8JTbrhksVQLZWSY1c/6Xw11QZ5e+D1hNw==}
    dependencies:
      '@simplewebauthn/typescript-types': 7.4.0
    dev: true

  /@simplewebauthn/typescript-types@7.4.0:
    resolution: {integrity: sha512-8/ZjHeUPe210Bt5oyaOIGx4h8lHdsQs19BiOT44gi/jBEgK7uBGA0Fy7NRsyh777al3m6WM0mBf0UR7xd4R7WQ==}
    deprecated: This package has been renamed to @simplewebauthn/types. Please install @simplewebauthn/types instead to ensure you receive future updates.
    dev: true

  /typescript@5.4.5:
    resolution: {integrity: sha512-vcI4UpRgg81oIRUFwR0WSIHKt11nJ7SAVlYNIu+QpqeyXP+gpQJy/Z4+F0aGxSE4MqwjyXvW/TzgkLAx2AGHwQ==}
    engines: {node: '>=14.17'}
    hasBin: true
    dev: true
